
Microsoft Visual Studio Solution File, Format Version 12.00
# Visual Studio Version 17
VisualStudioVersion = 17.0.32112.339
MinimumVisualStudioVersion = 10.0.40219.1
Project("{FAE04EC0-301F-11D3-BF4B-00C04F79EFBC}") = "Dava Virgio Kertawijaya_00000056848_IS431_B_UTS", "Dava Virgio Kertawijaya_00000056848_IS431_B_UTS\Dava Virgio Kertawijaya_00000056848_IS431_B_UTS.csproj", "{6D422E11-53BF-4ADF-BBEE-0A78CC51DAA9}"
EndProject
Global
	GlobalSection(SolutionConfigurationPlatforms) = preSolution
		Debug|Any CPU = Debug|Any CPU
		Release|Any CPU = Release|Any CPU
	EndGlobalSection
	GlobalSection(ProjectConfigurationPlatforms) = postSolution
		{6D422E11-53BF-4ADF-BBEE-0A78CC51DAA9}.Debug|Any CPU.ActiveCfg = Debug|Any CPU
		{6D422E11-53BF-4ADF-BBEE-0A78CC51DAA9}.Debug|Any CPU.Build.0 = Debug|Any CPU
		{6D422E11-53BF-4ADF-BBEE-0A78CC51DAA9}.Release|Any CPU.ActiveCfg = Release|Any CPU
		{6D422E11-53BF-4ADF-BBEE-0A78CC51DAA9}.Release|Any CPU.Build.0 = Release|Any CPU
	EndGlobalSection
	GlobalSection(SolutionProperties) = preSolution
		HideSolutionNode = FALSE
	EndGlobalSection
	GlobalSection(ExtensibilityGlobals) = postSolution
		SolutionGuid = {612123EA-CECA-44D7-9CFE-427C58B4844E}
	EndGlobalSection
EndGlobal
